<?xml version="1.0" encoding="utf-8"?>
<Project ToolsVersion="4.0" xmlns="http://schemas.microsoft.com/developer/msbuild/2003">
  <ItemGroup>
    <Filter Include="Source Files">
      <UniqueIdentifier>{4634e289-b1f7-43f2-a7ef-28767dc9fdfc}</UniqueIdentifier>
    </Filter>
    <Filter Include="Generated Files">
      <UniqueIdentifier>{c588726a-924a-4ad2-9b34-6d09716377dc}</UniqueIdentifier>
      <SourceControlFiles>False</SourceControlFiles>
    </Filter>
  </ItemGroup>
  <ItemGroup>
    <None Include="HelloCOMObjectps.def" />
  </ItemGroup>
  <ItemGroup>
    <ClCompile Include="HelloCOMObject_i.c">
      <Filter>Generated Files</Filter>
    </ClCompile>
    <ClCompile Include="HelloCOMObject_p.c">
      <Filter>Generated Files</Filter>
    </ClCompile>
    <ClCompile Include="dlldata.c">
      <Filter>Generated Files</Filter>
    </ClCompile>
  </ItemGroup>
</Project>